// !$*UTF8*$!
{
	archiveVersion = 1;
	classes = {
	};
	objectVersion = 55;
	objects = {

/* Begin PBXBuildFile section */
		842B9ADB29C070830096BDE9 /* RecipeList.swift in Sources */ = {isa = PBXBuildFile; fileRef = 842B9ADA29C070830096BDE9 /* RecipeList.swift */; };
		842B9ADE29C073DB0096BDE9 /* RecipeView.swift in Sources */ = {isa = PBXBuildFile; fileRef = 842B9ADD29C073DB0096BDE9 /* RecipeView.swift */; };
		842B9AE029C07CC50096BDE9 /* CategoryView.swift in Sources */ = {isa = PBXBuildFile; fileRef = 842B9ADF29C07CC50096BDE9 /* CategoryView.swift */; };
		842B9AE229C09F820096BDE9 /* AddRecipeView.swift in Sources */ = {isa = PBXBuildFile; fileRef = 842B9AE129C09F820096BDE9 /* AddRecipeView.swift */; };
		842B9AE529C0C22F0096BDE9 /* RecipesViewModel.swift in Sources */ = {isa = PBXBuildFile; fileRef = 842B9AE429C0C22F0096BDE9 /* RecipesViewModel.swift */; };
		84EB8E6329BF5C6E00899B75 /* RecipeSaverApp.swift in Sources */ = {isa = PBXBuildFile; fileRef = 84EB8E6229BF5C6E00899B75 /* RecipeSaverApp.swift */; };
		84EB8E6729BF5C6F00899B75 /* Assets.xcassets in Resources */ = {isa = PBXBuildFile; fileRef = 84EB8E6629BF5C6F00899B75 /* Assets.xcassets */; };
		84EB8E6A29BF5C6F00899B75 /* Preview Assets.xcassets in Resources */ = {isa = PBXBuildFile; fileRef = 84EB8E6929BF5C6F00899B75 /* Preview Assets.xcassets */; };
		84EB8E7329BF5CC000899B75 /* ContentView.swift in Sources */ = {isa = PBXBuildFile; fileRef = 84EB8E7229BF5CC000899B75 /* ContentView.swift */; };
		84EB8E7529BF5CD100899B75 /* CategoriesView.swift in Sources */ = {isa = PBXBuildFile; fileRef = 84EB8E7429BF5CD100899B75 /* CategoriesView.swift */; };
		84EB8E7729BF5CDF00899B75 /* NewRecipeView.swift in Sources */ = {isa = PBXBuildFile; fileRef = 84EB8E7629BF5CDF00899B75 /* NewRecipeView.swift */; };
		84EB8E7929BF5CF800899B75 /* FavoritesView.swift in Sources */ = {isa = PBXBuildFile; fileRef = 84EB8E7829BF5CF800899B75 /* FavoritesView.swift */; };
		84EB8E7B29BF5D0600899B75 /* SettingsView.swift in Sources */ = {isa = PBXBuildFile; fileRef = 84EB8E7A29BF5D0600899B75 /* SettingsView.swift */; };
		84EB8E7D29BF5D6B00899B75 /* HomeView.swift in Sources */ = {isa = PBXBuildFile; fileRef = 84EB8E7C29BF5D6B00899B75 /* HomeView.swift */; };
		84EB8E7F29BF5E8700899B75 /* TabBar.swift in Sources */ = {isa = PBXBuildFile; fileRef = 84EB8E7E29BF5E8700899B75 /* TabBar.swift */; };
		84EB8E8229BF612E00899B75 /* RecipeModel.swift in Sources */ = {isa = PBXBuildFile; fileRef = 84EB8E8129BF612E00899B75 /* RecipeModel.swift */; };
		84EB8E8529BF650100899B75 /* RecipeCard.swift in Sources */ = {isa = PBXBuildFile; fileRef = 84EB8E8429BF650100899B75 /* RecipeCard.swift */; };
/* End PBXBuildFile section */

/* Begin PBXFileReference section */
		842B9ADA29C070830096BDE9 /* RecipeList.swift */ = {isa = PBXFileReference; lastKnownFileType = sourcecode.swift; path = RecipeList.swift; sourceTree = "<group>"; };
		842B9ADD29C073DB0096BDE9 /* RecipeView.swift */ = {isa = PBXFileReference; lastKnownFileType = sourcecode.swift; path = RecipeView.swift; sourceTree = "<group>"; };
		842B9ADF29C07CC50096BDE9 /* CategoryView.swift */ = {isa = PBXFileReference; lastKnownFileType = sourcecode.swift; path = CategoryView.swift; sourceTree = "<group>"; };
		842B9AE129C09F820096BDE9 /* AddRecipeView.swift */ = {isa = PBXFileReference; lastKnownFileType = sourcecode.swift; path = AddRecipeView.swift; sourceTree = "<group>"; };
		842B9AE429C0C22F0096BDE9 /* RecipesViewModel.swift */ = {isa = PBXFileReference; lastKnownFileType = sourcecode.swift; path = RecipesViewModel.swift; sourceTree = "<group>"; };
		84EB8E5F29BF5C6E00899B75 /* RecipeSaver.app */ = {isa = PBXFileReference; explicitFileType = wrapper.application; includeInIndex = 0; path = RecipeSaver.app; sourceTree = BUILT_PRODUCTS_DIR; };
		84EB8E6229BF5C6E00899B75 /* RecipeSaverApp.swift */ = {isa = PBXFileReference; lastKnownFileType = sourcecode.swift; path = RecipeSaverApp.swift; sourceTree = "<group>"; };
		84EB8E6629BF5C6F00899B75 /* Assets.xcassets */ = {isa = PBXFileReference; lastKnownFileType = folder.assetcatalog; path = Assets.xcassets; sourceTree = "<group>"; };
		84EB8E6929BF5C6F00899B75 /* Preview Assets.xcassets */ = {isa = PBXFileReference; lastKnownFileType = folder.assetcatalog; path = "Preview Assets.xcassets"; sourceTree = "<group>"; };
		84EB8E7229BF5CC000899B75 /* ContentView.swift */ = {isa = PBXFileReference; lastKnownFileType = sourcecode.swift; path = ContentView.swift; sourceTree = "<group>"; };
		84EB8E7429BF5CD100899B75 /* CategoriesView.swift */ = {isa = PBXFileReference; lastKnownFileType = sourcecode.swift; path = CategoriesView.swift; sourceTree = "<group>"; };
		84EB8E7629BF5CDF00899B75 /* NewRecipeView.swift */ = {isa = PBXFileReference; lastKnownFileType = sourcecode.swift; path = NewRecipeView.swift; sourceTree = "<group>"; };
		84EB8E7829BF5CF800899B75 /* FavoritesView.swift */ = {isa = PBXFileReference; lastKnownFileType = sourcecode.swift; path = FavoritesView.swift; sourceTree = "<group>"; };
		84EB8E7A29BF5D0600899B75 /* SettingsView.swift */ = {isa = PBXFileReference; lastKnownFileType = sourcecode.swift; path = SettingsView.swift; sourceTree = "<group>"; };
		84EB8E7C29BF5D6B00899B75 /* HomeView.swift */ = {isa = PBXFileReference; lastKnownFileType = sourcecode.swift; path = HomeView.swift; sourceTree = "<group>"; };
		84EB8E7E29BF5E8700899B75 /* TabBar.swift */ = {isa = PBXFileReference; lastKnownFileType = sourcecode.swift; path = TabBar.swift; sourceTree = "<group>"; };
		84EB8E8129BF612E00899B75 /* RecipeModel.swift */ = {isa = PBXFileReference; lastKnownFileType = sourcecode.swift; path = RecipeModel.swift; sourceTree = "<group>"; };
		84EB8E8429BF650100899B75 /* RecipeCard.swift */ = {isa = PBXFileReference; lastKnownFileType = sourcecode.swift; path = RecipeCard.swift; sourceTree = "<group>"; };
/* End PBXFileReference section */

/* Begin PBXFrameworksBuildPhase section */
		84EB8E5C29BF5C6E00899B75 /* Frameworks */ = {
			isa = PBXFrameworksBuildPhase;
			buildActionMask = 2147483647;
			files = (
			);
			runOnlyForDeploymentPostprocessing = 0;
		};
/* End PBXFrameworksBuildPhase section */

/* Begin PBXGroup section */
		842B9ADC29C073BC0096BDE9 /* Detail */ = {
			isa = PBXGroup;
			children = (
				842B9ADD29C073DB0096BDE9 /* RecipeView.swift */,
				842B9ADF29C07CC50096BDE9 /* CategoryView.swift */,
				842B9AE129C09F820096BDE9 /* AddRecipeView.swift */,
			);
			path = Detail;
			sourceTree = "<group>";
		};
		842B9AE329C0C20A0096BDE9 /* ViewModel */ = {
			isa = PBXGroup;
			children = (
				842B9AE429C0C22F0096BDE9 /* RecipesViewModel.swift */,
			);
			path = ViewModel;
			sourceTree = "<group>";
		};
		84EB8E5629BF5C6E00899B75 = {
			isa = PBXGroup;
			children = (
				84EB8E6129BF5C6E00899B75 /* RecipeSaver */,
				84EB8E6029BF5C6E00899B75 /* Products */,
			);
			sourceTree = "<group>";
		};
		84EB8E6029BF5C6E00899B75 /* Products */ = {
			isa = PBXGroup;
			children = (
				84EB8E5F29BF5C6E00899B75 /* RecipeSaver.app */,
			);
			name = Products;
			sourceTree = "<group>";
		};
		84EB8E6129BF5C6E00899B75 /* RecipeSaver */ = {
			isa = PBXGroup;
			children = (
				84EB8E6229BF5C6E00899B75 /* RecipeSaverApp.swift */,
				84EB8E7029BF5CA400899B75 /* Views */,
				84EB8E8029BF60FB00899B75 /* Models */,
				842B9AE329C0C20A0096BDE9 /* ViewModel */,
				84EB8E6629BF5C6F00899B75 /* Assets.xcassets */,
				84EB8E6829BF5C6F00899B75 /* Preview Content */,
			);
			path = RecipeSaver;
			sourceTree = "<group>";
		};
		84EB8E6829BF5C6F00899B75 /* Preview Content */ = {
			isa = PBXGroup;
			children = (
				84EB8E6929BF5C6F00899B75 /* Preview Assets.xcassets */,
			);
			path = "Preview Content";
			sourceTree = "<group>";
		};
		84EB8E7029BF5CA400899B75 /* Views */ = {
			isa = PBXGroup;
			children = (
				84EB8E7129BF5CAE00899B75 /* Main */,
				842B9ADC29C073BC0096BDE9 /* Detail */,
				84EB8E8329BF64E700899B75 /* Components */,
			);
			path = Views;
			sourceTree = "<group>";
		};
		84EB8E7129BF5CAE00899B75 /* Main */ = {
			isa = PBXGroup;
			children = (
				84EB8E7229BF5CC000899B75 /* ContentView.swift */,
				84EB8E7E29BF5E8700899B75 /* TabBar.swift */,
				84EB8E7C29BF5D6B00899B75 /* HomeView.swift */,
				84EB8E7429BF5CD100899B75 /* CategoriesView.swift */,
				84EB8E7629BF5CDF00899B75 /* NewRecipeView.swift */,
				84EB8E7829BF5CF800899B75 /* FavoritesView.swift */,
				84EB8E7A29BF5D0600899B75 /* SettingsView.swift */,
			);
			path = Main;
			sourceTree = "<group>";
		};
		84EB8E8029BF60FB00899B75 /* Models */ = {
			isa = PBXGroup;
			children = (
				84EB8E8129BF612E00899B75 /* RecipeModel.swift */,
			);
			path = Models;
			sourceTree = "<group>";
		};
		84EB8E8329BF64E700899B75 /* Components */ = {
			isa = PBXGroup;
			children = (
				84EB8E8429BF650100899B75 /* RecipeCard.swift */,
				842B9ADA29C070830096BDE9 /* RecipeList.swift */,
			);
			path = Components;
			sourceTree = "<group>";
		};
/* End PBXGroup section */

/* Begin PBXNativeTarget section */
		84EB8E5E29BF5C6E00899B75 /* RecipeSaver */ = {
			isa = PBXNativeTarget;
			buildConfigurationList = 84EB8E6D29BF5C6F00899B75 /* Build configuration list for PBXNativeTarget "RecipeSaver" */;
			buildPhases = (
				84EB8E5B29BF5C6E00899B75 /* Sources */,
				84EB8E5C29BF5C6E00899B75 /* Frameworks */,
				84EB8E5D29BF5C6E00899B75 /* Resources */,
			);
			buildRules = (
			);
			dependencies = (
			);
			name = RecipeSaver;
			productName = RecipeSaver;
			productReference = 84EB8E5F29BF5C6E00899B75 /* RecipeSaver.app */;
			productType = "com.apple.product-type.application";
		};
/* End PBXNativeTarget section */

/* Begin PBXProject section */
		84EB8E5729BF5C6E00899B75 /* Project object */ = {
			isa = PBXProject;
			attributes = {
				BuildIndependentTargetsInParallel = 1;
				LastSwiftUpdateCheck = 1340;
				LastUpgradeCheck = 1340;
				TargetAttributes = {
					84EB8E5E29BF5C6E00899B75 = {
						CreatedOnToolsVersion = 13.4.1;
					};
				};
			};
			buildConfigurationList = 84EB8E5A29BF5C6E00899B75 /* Build configuration list for PBXProject "RecipeSaver" */;
			compatibilityVersion = "Xcode 13.0";
			developmentRegion = en;
			hasScannedForEncodings = 0;
			knownRegions = (
				en,
				Base,
			);
			mainGroup = 84EB8E5629BF5C6E00899B75;
			productRefGroup = 84EB8E6029BF5C6E00899B75 /* Products */;
			projectDirPath = "";
			projectRoot = "";
			targets = (
				84EB8E5E29BF5C6E00899B75 /* RecipeSaver */,
			);
		};
/* End PBXProject section */

/* Begin PBXResourcesBuildPhase section */
		84EB8E5D29BF5C6E00899B75 /* Resources */ = {
			isa = PBXResourcesBuildPhase;
			buildActionMask = 2147483647;
			files = (
				84EB8E6A29BF5C6F00899B75 /* Preview Assets.xcassets in Resources */,
				84EB8E6729BF5C6F00899B75 /* Assets.xcassets in Resources */,
			);
			runOnlyForDeploymentPostprocessing = 0;
		};
/* End PBXResourcesBuildPhase section */

/* Begin PBXSourcesBuildPhase section */
		84EB8E5B29BF5C6E00899B75 /* Sources */ = {
			isa = PBXSourcesBuildPhase;
			buildActionMask = 2147483647;
			files = (
				842B9AE229C09F820096BDE9 /* AddRecipeView.swift in Sources */,
				84EB8E7F29BF5E8700899B75 /* TabBar.swift in Sources */,
				84EB8E8529BF650100899B75 /* RecipeCard.swift in Sources */,
				84EB8E7B29BF5D0600899B75 /* SettingsView.swift in Sources */,
				84EB8E7529BF5CD100899B75 /* CategoriesView.swift in Sources */,
				84EB8E7729BF5CDF00899B75 /* NewRecipeView.swift in Sources */,
				842B9AE029C07CC50096BDE9 /* CategoryView.swift in Sources */,
				84EB8E7929BF5CF800899B75 /* FavoritesView.swift in Sources */,
				842B9ADE29C073DB0096BDE9 /* RecipeView.swift in Sources */,
				842B9ADB29C070830096BDE9 /* RecipeList.swift in Sources */,
				84EB8E7D29BF5D6B00899B75 /* HomeView.swift in Sources */,
				84EB8E6329BF5C6E00899B75 /* RecipeSaverApp.swift in Sources */,
				842B9AE529C0C22F0096BDE9 /* RecipesViewModel.swift in Sources */,
				84EB8E7329BF5CC000899B75 /* ContentView.swift in Sources */,
				84EB8E8229BF612E00899B75 /* RecipeModel.swift in Sources */,
			);
			runOnlyForDeploymentPostprocessing = 0;
		};
/* End PBXSourcesBuildPhase section */

/* Begin XCBuildConfiguration section */
		84EB8E6B29BF5C6F00899B75 /* Debug */ = {
			isa = XCBuildConfiguration;
			buildSettings = {
				ALWAYS_SEARCH_USER_PATHS = NO;
				CLANG_ANALYZER_NONNULL = YES;
				CLANG_ANALYZER_NUMBER_OBJECT_CONVERSION = YES_AGGRESSIVE;
				CLANG_CXX_LANGUAGE_STANDARD = "gnu++17";
				CLANG_ENABLE_MODULES = YES;
				CLANG_ENABLE_OBJC_ARC = YES;
				CLANG_ENABLE_OBJC_WEAK = YES;
				CLANG_WARN_BLOCK_CAPTURE_AUTORELEASING = YES;
				CLANG_WARN_BOOL_CONVERSION = YES;
				CLANG_WARN_COMMA = YES;
				CLANG_WARN_CONSTANT_CONVERSION = YES;
				CLANG_WARN_DEPRECATED_OBJC_IMPLEMENTATIONS = YES;
				CLANG_WARN_DIRECT_OBJC_ISA_USAGE = YES_ERROR;
				CLANG_WARN_DOCUMENTATION_COMMENTS = YES;
				CLANG_WARN_EMPTY_BODY = YES;
				CLANG_WARN_ENUM_CONVERSION = YES;
				CLANG_WARN_INFINITE_RECURSION = YES;
				CLANG_WARN_INT_CONVERSION = YES;
				CLANG_WARN_NON_LITERAL_NULL_CONVERSION = YES;
				CLANG_WARN_OBJC_IMPLICIT_RETAIN_SELF = YES;
				CLANG_WARN_OBJC_LITERAL_CONVERSION = YES;
				CLANG_WARN_OBJC_ROOT_CLASS = YES_ERROR;
				CLANG_WARN_QUOTED_INCLUDE_IN_FRAMEWORK_HEADER = YES;
				CLANG_WARN_RANGE_LOOP_ANALYSIS = YES;
				CLANG_WARN_STRICT_PROTOTYPES = YES;
				CLANG_WARN_SUSPICIOUS_MOVE = YES;
				CLANG_WARN_UNGUARDED_AVAILABILITY = YES_AGGRESSIVE;
				CLANG_WARN_UNREACHABLE_CODE = YES;
				CLANG_WARN__DUPLICATE_METHOD_MATCH = YES;
				COPY_PHASE_STRIP = NO;
				DEBUG_INFORMATION_FORMAT = dwarf;
				ENABLE_STRICT_OBJC_MSGSEND = YES;
				ENABLE_TESTABILITY = YES;
				GCC_C_LANGUAGE_STANDARD = gnu11;
				GCC_DYNAMIC_NO_PIC = NO;
				GCC_NO_COMMON_BLOCKS = YES;
				GCC_OPTIMIZATION_LEVEL = 0;
				GCC_PREPROCESSOR_DEFINITIONS = (
					"DEBUG=1",
					"$(inherited)",
				);
				GCC_WARN_64_TO_32_BIT_CONVERSION = YES;
				GCC_WARN_ABOUT_RETURN_TYPE = YES_ERROR;
				GCC_WARN_UNDECLARED_SELECTOR = YES;
				GCC_WARN_UNINITIALIZED_AUTOS = YES_AGGRESSIVE;
				GCC_WARN_UNUSED_FUNCTION = YES;
				GCC_WARN_UNUSED_VARIABLE = YES;
				IPHONEOS_DEPLOYMENT_TARGET = 15.5;
				MTL_ENABLE_DEBUG_INFO = INCLUDE_SOURCE;
				MTL_FAST_MATH = YES;
				ONLY_ACTIVE_ARCH = YES;
				SDKROOT = iphoneos;
				SWIFT_ACTIVE_COMPILATION_CONDITIONS = DEBUG;
				SWIFT_OPTIMIZATION_LEVEL = "-Onone";
			};
			name = Debug;
		};
		84EB8E6C29BF5C6F00899B75 /* Release */ = {
			isa = XCBuildConfiguration;
			buildSettings = {
				ALWAYS_SEARCH_USER_PATHS = NO;
				CLANG_ANALYZER_NONNULL = YES;
				CLANG_ANALYZER_NUMBER_OBJECT_CONVERSION = YES_AGGRESSIVE;
				CLANG_CXX_LANGUAGE_STANDARD = "gnu++17";
				CLANG_ENABLE_MODULES = YES;
				CLANG_ENABLE_OBJC_ARC = YES;
				CLANG_ENABLE_OBJC_WEAK = YES;
				CLANG_WARN_BLOCK_CAPTURE_AUTORELEASING = YES;
				CLANG_WARN_BOOL_CONVERSION = YES;
				CLANG_WARN_COMMA = YES;
				CLANG_WARN_CONSTANT_CONVERSION = YES;
				CLANG_WARN_DEPRECATED_OBJC_IMPLEMENTATIONS = YES;
				CLANG_WARN_DIRECT_OBJC_ISA_USAGE = YES_ERROR;
				CLANG_WARN_DOCUMENTATION_COMMENTS = YES;
				CLANG_WARN_EMPTY_BODY = YES;
				CLANG_WARN_ENUM_CONVERSION = YES;
				CLANG_WARN_INFINITE_RECURSION = YES;
				CLANG_WARN_INT_CONVERSION = YES;
				CLANG_WARN_NON_LITERAL_NULL_CONVERSION = YES;
				CLANG_WARN_OBJC_IMPLICIT_RETAIN_SELF = YES;
				CLANG_WARN_OBJC_LITERAL_CONVERSION = YES;
				CLANG_WARN_OBJC_ROOT_CLASS = YES_ERROR;
				CLANG_WARN_QUOTED_INCLUDE_IN_FRAMEWORK_HEADER = YES;
				CLANG_WARN_RANGE_LOOP_ANALYSIS = YES;
				CLANG_WARN_STRICT_PROTOTYPES = YES;
				CLANG_WARN_SUSPICIOUS_MOVE = YES;
				CLANG_WARN_UNGUARDED_AVAILABILITY = YES_AGGRESSIVE;
				CLANG_WARN_UNREACHABLE_CODE = YES;
				CLANG_WARN__DUPLICATE_METHOD_MATCH = YES;
				COPY_PHASE_STRIP = NO;
				DEBUG_INFORMATION_FORMAT = "dwarf-with-dsym";
				ENABLE_NS_ASSERTIONS = NO;
				ENABLE_STRICT_OBJC_MSGSEND = YES;
				GCC_C_LANGUAGE_STANDARD = gnu11;
				GCC_NO_COMMON_BLOCKS = YES;
				GCC_WARN_64_TO_32_BIT_CONVERSION = YES;
				GCC_WARN_ABOUT_RETURN_TYPE = YES_ERROR;
				GCC_WARN_UNDECLARED_SELECTOR = YES;
				GCC_WARN_UNINITIALIZED_AUTOS = YES_AGGRESSIVE;
				GCC_WARN_UNUSED_FUNCTION = YES;
				GCC_WARN_UNUSED_VARIABLE = YES;
				IPHONEOS_DEPLOYMENT_TARGET = 15.5;
				MTL_ENABLE_DEBUG_INFO = NO;
				MTL_FAST_MATH = YES;
				SDKROOT = iphoneos;
				SWIFT_COMPILATION_MODE = wholemodule;
				SWIFT_OPTIMIZATION_LEVEL = "-O";
				VALIDATE_PRODUCT = YES;
			};
			name = Release;
		};
		84EB8E6E29BF5C6F00899B75 /* Debug */ = {
			isa = XCBuildConfiguration;
			buildSettings = {
				ASSETCATALOG_COMPILER_APPICON_NAME = AppIcon;
				ASSETCATALOG_COMPILER_GLOBAL_ACCENT_COLOR_NAME = AccentColor;
				CODE_SIGN_STYLE = Automatic;
				CURRENT_PROJECT_VERSION = 1;
				DEVELOPMENT_ASSET_PATHS = "\"RecipeSaver/Preview Content\"";
				ENABLE_PREVIEWS = YES;
				GENERATE_INFOPLIST_FILE = YES;
				INFOPLIST_KEY_UIApplicationSceneManifest_Generation = YES;
				INFOPLIST_KEY_UIApplicationSupportsIndirectInputEvents = YES;
				INFOPLIST_KEY_UILaunchScreen_Generation = YES;
				INFOPLIST_KEY_UISupportedInterfaceOrientations_iPad = "UIInterfaceOrientationPortrait UIInterfaceOrientationPortraitUpsideDown UIInterfaceOrientationLandscapeLeft UIInterfaceOrientationLandscapeRight";
				INFOPLIST_KEY_UISupportedInterfaceOrientations_iPhone = "UIInterfaceOrientationPortrait UIInterfaceOrientationLandscapeLeft UIInterfaceOrientationLandscapeRight";
				LD_RUNPATH_SEARCH_PATHS = (
					"$(inherited)",
					"@executable_path/Frameworks",
				);
				MARKETING_VERSION = 1.0;
				PRODUCT_BUNDLE_IDENTIFIER = teo.nemsadze.RecipeSaver;
				PRODUCT_NAME = "$(TARGET_NAME)";
				SWIFT_EMIT_LOC_STRINGS = YES;
				SWIFT_VERSION = 5.0;
				TARGETED_DEVICE_FAMILY = "1,2";
			};
			name = Debug;
		};
		84EB8E6F29BF5C6F00899B75 /* Release */ = {
			isa = XCBuildConfiguration;
			buildSettings = {
				ASSETCATALOG_COMPILER_APPICON_NAME = AppIcon;
				ASSETCATALOG_COMPILER_GLOBAL_ACCENT_COLOR_NAME = AccentColor;
				CODE_SIGN_STYLE = Automatic;
				CURRENT_PROJECT_VERSION = 1;
				DEVELOPMENT_ASSET_PATHS = "\"RecipeSaver/Preview Content\"";
				ENABLE_PREVIEWS = YES;
				GENERATE_INFOPLIST_FILE = YES;
				INFOPLIST_KEY_UIApplicationSceneManifest_Generation = YES;
				INFOPLIST_KEY_UIApplicationSupportsIndirectInputEvents = YES;
				INFOPLIST_KEY_UILaunchScreen_Generation = YES;
				INFOPLIST_KEY_UISupportedInterfaceOrientations_iPad = "UIInterfaceOrientationPortrait UIInterfaceOrientationPortraitUpsideDown UIInterfaceOrientationLandscapeLeft UIInterfaceOrientationLandscapeRight";
				INFOPLIST_KEY_UISupportedInterfaceOrientations_iPhone = "UIInterfaceOrientationPortrait UIInterfaceOrientationLandscapeLeft UIInterfaceOrientationLandscapeRight";
				LD_RUNPATH_SEARCH_PATHS = (
					"$(inherited)",
					"@executable_path/Frameworks",
				);
				MARKETING_VERSION = 1.0;
				PRODUCT_BUNDLE_IDENTIFIER = teo.nemsadze.RecipeSaver;
				PRODUCT_NAME = "$(TARGET_NAME)";
				SWIFT_EMIT_LOC_STRINGS = YES;
				SWIFT_VERSION = 5.0;
				TARGETED_DEVICE_FAMILY = "1,2";
			};
			name = Release;
		};
/* End XCBuildConfiguration section */

/* Begin XCConfigurationList section */
		84EB8E5A29BF5C6E00899B75 /* Build configuration list for PBXProject "RecipeSaver" */ = {
			isa = XCConfigurationList;
			buildConfigurations = (
				84EB8E6B29BF5C6F00899B75 /* Debug */,
				84EB8E6C29BF5C6F00899B75 /* Release */,
			);
			defaultConfigurationIsVisible = 0;
			defaultConfigurationName = Release;
		};
		84EB8E6D29BF5C6F00899B75 /* Build configuration list for PBXNativeTarget "RecipeSaver" */ = {
			isa = XCConfigurationList;
			buildConfigurations = (
				84EB8E6E29BF5C6F00899B75 /* Debug */,
				84EB8E6F29BF5C6F00899B75 /* Release */,
			);
			defaultConfigurationIsVisible = 0;
			defaultConfigurationName = Release;
		};
/* End XCConfigurationList section */
	};
	rootObject = 84EB8E5729BF5C6E00899B75 /* Project object */;
}
